// !$*UTF8*$!
{
	archiveVersion = 1;
	classes = {
	};
	objectVersion = 56;
	objects = {

/* Begin PBXBuildFile section */
		E110251D2BF31CEA00A3CF90 /* URLHelper.swift in Sources */ = {isa = PBXBuildFile; fileRef = E110251C2BF31CEA00A3CF90 /* URLHelper.swift */; };
		E1D15B7D2BEE8B72005A9E63 /* WalletApp.swift in Sources */ = {isa = PBXBuildFile; fileRef = E1D15B7C2BEE8B72005A9E63 /* WalletApp.swift */; };
		E1D15B7F2BEE8B72005A9E63 /* HomePage.swift in Sources */ = {isa = PBXBuildFile; fileRef = E1D15B7E2BEE8B72005A9E63 /* HomePage.swift */; };
		E1D15B812BEE8B75005A9E63 /* Assets.xcassets in Resources */ = {isa = PBXBuildFile; fileRef = E1D15B802BEE8B75005A9E63 /* Assets.xcassets */; };
		E1D15B842BEE8B75005A9E63 /* Preview Assets.xcassets in Resources */ = {isa = PBXBuildFile; fileRef = E1D15B832BEE8B75005A9E63 /* Preview Assets.xcassets */; };
		E1D15B8D2BEE99CF005A9E63 /* CustomTabbarView.swift in Sources */ = {isa = PBXBuildFile; fileRef = E1D15B8C2BEE99CF005A9E63 /* CustomTabbarView.swift */; };
		E1D15B8F2BEE9DD5005A9E63 /* CustomTabbarContainerView.swift in Sources */ = {isa = PBXBuildFile; fileRef = E1D15B8E2BEE9DD5005A9E63 /* CustomTabbarContainerView.swift */; };
		E1D15B912BEEA17D005A9E63 /* TabbarItemPreferenceKey.swift in Sources */ = {isa = PBXBuildFile; fileRef = E1D15B902BEEA17D005A9E63 /* TabbarItemPreferenceKey.swift */; };
		E1D15B932BEEA50B005A9E63 /* TabbarItem.swift in Sources */ = {isa = PBXBuildFile; fileRef = E1D15B922BEEA50B005A9E63 /* TabbarItem.swift */; };
		E1D15B962BEEB57C005A9E63 /* Constants.swift in Sources */ = {isa = PBXBuildFile; fileRef = E1D15B952BEEB57C005A9E63 /* Constants.swift */; };
		E1D15B982BEF1DDB005A9E63 /* NavigationHome.swift in Sources */ = {isa = PBXBuildFile; fileRef = E1D15B972BEF1DDB005A9E63 /* NavigationHome.swift */; };
		E1D15B9A2BEF2428005A9E63 /* MyAccountBalanceView.swift in Sources */ = {isa = PBXBuildFile; fileRef = E1D15B992BEF2428005A9E63 /* MyAccountBalanceView.swift */; };
		E1D15B9C2BEF2A15005A9E63 /* UtilityView.swift in Sources */ = {isa = PBXBuildFile; fileRef = E1D15B9B2BEF2A15005A9E63 /* UtilityView.swift */; };
		E1D15B9E2BEF3037005A9E63 /* MyFavoriteView.swift in Sources */ = {isa = PBXBuildFile; fileRef = E1D15B9D2BEF3037005A9E63 /* MyFavoriteView.swift */; };
		E1D15BA02BEF3C0D005A9E63 /* HomePageViewModel.swift in Sources */ = {isa = PBXBuildFile; fileRef = E1D15B9F2BEF3C0D005A9E63 /* HomePageViewModel.swift */; };
		E1D15BAA2BEF423A005A9E63 /* AdBanner.swift in Sources */ = {isa = PBXBuildFile; fileRef = E1D15BA92BEF423A005A9E63 /* AdBanner.swift */; };
		E1D15BAE2BEF586C005A9E63 /* PageControlCustom.swift in Sources */ = {isa = PBXBuildFile; fileRef = E1D15BAD2BEF586C005A9E63 /* PageControlCustom.swift */; };
		E1D15BB12BEFC9F9005A9E63 /* ShimmerEffectBox.swift in Sources */ = {isa = PBXBuildFile; fileRef = E1D15BB02BEFC9F9005A9E63 /* ShimmerEffectBox.swift */; };
		E1D15BB32BEFD9BE005A9E63 /* LoadingView.swift in Sources */ = {isa = PBXBuildFile; fileRef = E1D15BB22BEFD9BE005A9E63 /* LoadingView.swift */; };
		E1D15BB72BF103BA005A9E63 /* APIService.swift in Sources */ = {isa = PBXBuildFile; fileRef = E1D15BB62BF103BA005A9E63 /* APIService.swift */; };
		E1D15BB92BF104F4005A9E63 /* AccountModel.swift in Sources */ = {isa = PBXBuildFile; fileRef = E1D15BB82BF104F4005A9E63 /* AccountModel.swift */; };
		E1D15BBB2BF10542005A9E63 /* BaseModel.swift in Sources */ = {isa = PBXBuildFile; fileRef = E1D15BBA2BF10542005A9E63 /* BaseModel.swift */; };
		E1D15BBD2BF10C9D005A9E63 /* BannerModel.swift in Sources */ = {isa = PBXBuildFile; fileRef = E1D15BBC2BF10C9D005A9E63 /* BannerModel.swift */; };
		E1D15BBF2BF11531005A9E63 /* Extension.swift in Sources */ = {isa = PBXBuildFile; fileRef = E1D15BBE2BF11531005A9E63 /* Extension.swift */; };
		E1D15BC22BF12267005A9E63 /* NotificationListView.swift in Sources */ = {isa = PBXBuildFile; fileRef = E1D15BC12BF12267005A9E63 /* NotificationListView.swift */; };
		E1D15BC42BF12D80005A9E63 /* NotificationListCell.swift in Sources */ = {isa = PBXBuildFile; fileRef = E1D15BC32BF12D80005A9E63 /* NotificationListCell.swift */; };
		E1D15BC72BF13FB8005A9E63 /* NotificationListModel.swift in Sources */ = {isa = PBXBuildFile; fileRef = E1D15BC62BF13FB8005A9E63 /* NotificationListModel.swift */; };
		E1D15BC92BF140BF005A9E63 /* FavoriteModel.swift in Sources */ = {isa = PBXBuildFile; fileRef = E1D15BC82BF140BF005A9E63 /* FavoriteModel.swift */; };
/* End PBXBuildFile section */

/* Begin PBXFileReference section */
		E110251C2BF31CEA00A3CF90 /* URLHelper.swift */ = {isa = PBXFileReference; lastKnownFileType = sourcecode.swift; path = URLHelper.swift; sourceTree = "<group>"; };
		E1D15B792BEE8B72005A9E63 /* Wallet.app */ = {isa = PBXFileReference; explicitFileType = wrapper.application; includeInIndex = 0; path = Wallet.app; sourceTree = BUILT_PRODUCTS_DIR; };
		E1D15B7C2BEE8B72005A9E63 /* WalletApp.swift */ = {isa = PBXFileReference; lastKnownFileType = sourcecode.swift; path = WalletApp.swift; sourceTree = "<group>"; };
		E1D15B7E2BEE8B72005A9E63 /* HomePage.swift */ = {isa = PBXFileReference; lastKnownFileType = sourcecode.swift; path = HomePage.swift; sourceTree = "<group>"; };
		E1D15B802BEE8B75005A9E63 /* Assets.xcassets */ = {isa = PBXFileReference; lastKnownFileType = folder.assetcatalog; path = Assets.xcassets; sourceTree = "<group>"; };
		E1D15B832BEE8B75005A9E63 /* Preview Assets.xcassets */ = {isa = PBXFileReference; lastKnownFileType = folder.assetcatalog; path = "Preview Assets.xcassets"; sourceTree = "<group>"; };
		E1D15B8C2BEE99CF005A9E63 /* CustomTabbarView.swift */ = {isa = PBXFileReference; lastKnownFileType = sourcecode.swift; path = CustomTabbarView.swift; sourceTree = "<group>"; };
		E1D15B8E2BEE9DD5005A9E63 /* CustomTabbarContainerView.swift */ = {isa = PBXFileReference; lastKnownFileType = sourcecode.swift; path = CustomTabbarContainerView.swift; sourceTree = "<group>"; };
		E1D15B902BEEA17D005A9E63 /* TabbarItemPreferenceKey.swift */ = {isa = PBXFileReference; lastKnownFileType = sourcecode.swift; path = TabbarItemPreferenceKey.swift; sourceTree = "<group>"; };
		E1D15B922BEEA50B005A9E63 /* TabbarItem.swift */ = {isa = PBXFileReference; lastKnownFileType = sourcecode.swift; path = TabbarItem.swift; sourceTree = "<group>"; };
		E1D15B952BEEB57C005A9E63 /* Constants.swift */ = {isa = PBXFileReference; lastKnownFileType = sourcecode.swift; path = Constants.swift; sourceTree = "<group>"; };
		E1D15B972BEF1DDB005A9E63 /* NavigationHome.swift */ = {isa = PBXFileReference; lastKnownFileType = sourcecode.swift; path = NavigationHome.swift; sourceTree = "<group>"; };
		E1D15B992BEF2428005A9E63 /* MyAccountBalanceView.swift */ = {isa = PBXFileReference; lastKnownFileType = sourcecode.swift; path = MyAccountBalanceView.swift; sourceTree = "<group>"; };
		E1D15B9B2BEF2A15005A9E63 /* UtilityView.swift */ = {isa = PBXFileReference; lastKnownFileType = sourcecode.swift; path = UtilityView.swift; sourceTree = "<group>"; };
		E1D15B9D2BEF3037005A9E63 /* MyFavoriteView.swift */ = {isa = PBXFileReference; lastKnownFileType = sourcecode.swift; path = MyFavoriteView.swift; sourceTree = "<group>"; };
		E1D15B9F2BEF3C0D005A9E63 /* HomePageViewModel.swift */ = {isa = PBXFileReference; lastKnownFileType = sourcecode.swift; path = HomePageViewModel.swift; sourceTree = "<group>"; };
		E1D15BA92BEF423A005A9E63 /* AdBanner.swift */ = {isa = PBXFileReference; lastKnownFileType = sourcecode.swift; path = AdBanner.swift; sourceTree = "<group>"; };
		E1D15BAD2BEF586C005A9E63 /* PageControlCustom.swift */ = {isa = PBXFileReference; lastKnownFileType = sourcecode.swift; path = PageControlCustom.swift; sourceTree = "<group>"; };
		E1D15BB02BEFC9F9005A9E63 /* ShimmerEffectBox.swift */ = {isa = PBXFileReference; lastKnownFileType = sourcecode.swift; path = ShimmerEffectBox.swift; sourceTree = "<group>"; };
		E1D15BB22BEFD9BE005A9E63 /* LoadingView.swift */ = {isa = PBXFileReference; lastKnownFileType = sourcecode.swift; path = LoadingView.swift; sourceTree = "<group>"; };
		E1D15BB62BF103BA005A9E63 /* APIService.swift */ = {isa = PBXFileReference; lastKnownFileType = sourcecode.swift; path = APIService.swift; sourceTree = "<group>"; };
		E1D15BB82BF104F4005A9E63 /* AccountModel.swift */ = {isa = PBXFileReference; lastKnownFileType = sourcecode.swift; path = AccountModel.swift; sourceTree = "<group>"; };
		E1D15BBA2BF10542005A9E63 /* BaseModel.swift */ = {isa = PBXFileReference; lastKnownFileType = sourcecode.swift; path = BaseModel.swift; sourceTree = "<group>"; };
		E1D15BBC2BF10C9D005A9E63 /* BannerModel.swift */ = {isa = PBXFileReference; lastKnownFileType = sourcecode.swift; path = BannerModel.swift; sourceTree = "<group>"; };
		E1D15BBE2BF11531005A9E63 /* Extension.swift */ = {isa = PBXFileReference; lastKnownFileType = sourcecode.swift; path = Extension.swift; sourceTree = "<group>"; };
		E1D15BC12BF12267005A9E63 /* NotificationListView.swift */ = {isa = PBXFileReference; lastKnownFileType = sourcecode.swift; path = NotificationListView.swift; sourceTree = "<group>"; };
		E1D15BC32BF12D80005A9E63 /* NotificationListCell.swift */ = {isa = PBXFileReference; lastKnownFileType = sourcecode.swift; path = NotificationListCell.swift; sourceTree = "<group>"; };
		E1D15BC62BF13FB8005A9E63 /* NotificationListModel.swift */ = {isa = PBXFileReference; lastKnownFileType = sourcecode.swift; path = NotificationListModel.swift; sourceTree = "<group>"; };
		E1D15BC82BF140BF005A9E63 /* FavoriteModel.swift */ = {isa = PBXFileReference; lastKnownFileType = sourcecode.swift; path = FavoriteModel.swift; sourceTree = "<group>"; };
/* End PBXFileReference section */

/* Begin PBXFrameworksBuildPhase section */
		E1D15B762BEE8B72005A9E63 /* Frameworks */ = {
			isa = PBXFrameworksBuildPhase;
			buildActionMask = 2147483647;
			files = (
			);
			runOnlyForDeploymentPostprocessing = 0;
		};
/* End PBXFrameworksBuildPhase section */

/* Begin PBXGroup section */
		E1D15B702BEE8B72005A9E63 = {
			isa = PBXGroup;
			children = (
				E1D15B7B2BEE8B72005A9E63 /* Wallet */,
				E1D15B7A2BEE8B72005A9E63 /* Products */,
			);
			sourceTree = "<group>";
		};
		E1D15B7A2BEE8B72005A9E63 /* Products */ = {
			isa = PBXGroup;
			children = (
				E1D15B792BEE8B72005A9E63 /* Wallet.app */,
			);
			name = Products;
			sourceTree = "<group>";
		};
		E1D15B7B2BEE8B72005A9E63 /* Wallet */ = {
			isa = PBXGroup;
			children = (
				E1D15BB52BF1039C005A9E63 /* Utility */,
				E1D15B942BEEB570005A9E63 /* Constant */,
				E1D15BAB2BEF584C005A9E63 /* CustomView */,
				E1D15B7C2BEE8B72005A9E63 /* WalletApp.swift */,
				E1D15B8A2BEE981D005A9E63 /* HomePage */,
				E1D15B802BEE8B75005A9E63 /* Assets.xcassets */,
				E1D15B822BEE8B75005A9E63 /* Preview Content */,
			);
			path = Wallet;
			sourceTree = "<group>";
		};
		E1D15B822BEE8B75005A9E63 /* Preview Content */ = {
			isa = PBXGroup;
			children = (
				E1D15B832BEE8B75005A9E63 /* Preview Assets.xcassets */,
			);
			path = "Preview Content";
			sourceTree = "<group>";
		};
		E1D15B8A2BEE981D005A9E63 /* HomePage */ = {
			isa = PBXGroup;
			children = (
				E1D15B7E2BEE8B72005A9E63 /* HomePage.swift */,
				E1D15BA22BEF3C56005A9E63 /* Views */,
				E1D15BA12BEF3C4E005A9E63 /* Model */,
			);
			path = HomePage;
			sourceTree = "<group>";
		};
		E1D15B8B2BEE98CF005A9E63 /* CustomTabbar */ = {
			isa = PBXGroup;
			children = (
				E1D15B8C2BEE99CF005A9E63 /* CustomTabbarView.swift */,
				E1D15B8E2BEE9DD5005A9E63 /* CustomTabbarContainerView.swift */,
				E1D15B902BEEA17D005A9E63 /* TabbarItemPreferenceKey.swift */,
				E1D15B922BEEA50B005A9E63 /* TabbarItem.swift */,
			);
			path = CustomTabbar;
			sourceTree = "<group>";
		};
		E1D15B942BEEB570005A9E63 /* Constant */ = {
			isa = PBXGroup;
			children = (
				E1D15B952BEEB57C005A9E63 /* Constants.swift */,
			);
			path = Constant;
			sourceTree = "<group>";
		};
		E1D15BA12BEF3C4E005A9E63 /* Model */ = {
			isa = PBXGroup;
			children = (
				E1D15BBA2BF10542005A9E63 /* BaseModel.swift */,
				E1D15BC82BF140BF005A9E63 /* FavoriteModel.swift */,
				E1D15BB82BF104F4005A9E63 /* AccountModel.swift */,
				E1D15BBC2BF10C9D005A9E63 /* BannerModel.swift */,
				E1D15B9F2BEF3C0D005A9E63 /* HomePageViewModel.swift */,
			);
			path = Model;
			sourceTree = "<group>";
		};
		E1D15BA22BEF3C56005A9E63 /* Views */ = {
			isa = PBXGroup;
			children = (
				E1D15BC02BF1221E005A9E63 /* NotificationList */,
				E1D15B972BEF1DDB005A9E63 /* NavigationHome.swift */,
				E1D15B992BEF2428005A9E63 /* MyAccountBalanceView.swift */,
				E1D15B9B2BEF2A15005A9E63 /* UtilityView.swift */,
				E1D15B9D2BEF3037005A9E63 /* MyFavoriteView.swift */,
				E1D15BA92BEF423A005A9E63 /* AdBanner.swift */,
			);
			path = Views;
			sourceTree = "<group>";
		};
		E1D15BAB2BEF584C005A9E63 /* CustomView */ = {
			isa = PBXGroup;
			children = (
				E1D15BAF2BEFC9C4005A9E63 /* Effects */,
				E1D15BAC2BEF5856005A9E63 /* CustomPageControl */,
				E1D15B8B2BEE98CF005A9E63 /* CustomTabbar */,
				E1D15BB22BEFD9BE005A9E63 /* LoadingView.swift */,
			);
			path = CustomView;
			sourceTree = "<group>";
		};
		E1D15BAC2BEF5856005A9E63 /* CustomPageControl */ = {
			isa = PBXGroup;
			children = (
				E1D15BAD2BEF586C005A9E63 /* PageControlCustom.swift */,
			);
			path = CustomPageControl;
			sourceTree = "<group>";
		};
		E1D15BAF2BEFC9C4005A9E63 /* Effects */ = {
			isa = PBXGroup;
			children = (
				E1D15BB02BEFC9F9005A9E63 /* ShimmerEffectBox.swift */,
			);
			path = Effects;
			sourceTree = "<group>";
		};
		E1D15BB42BF10380005A9E63 /* APIService */ = {
			isa = PBXGroup;
			children = (
				E1D15BB62BF103BA005A9E63 /* APIService.swift */,
			);
			path = APIService;
			sourceTree = "<group>";
		};
		E1D15BB52BF1039C005A9E63 /* Utility */ = {
			isa = PBXGroup;
			children = (
				E1D15BB42BF10380005A9E63 /* APIService */,
				E1D15BBE2BF11531005A9E63 /* Extension.swift */,
				E110251C2BF31CEA00A3CF90 /* URLHelper.swift */,
			);
			path = Utility;
			sourceTree = "<group>";
		};
		E1D15BC02BF1221E005A9E63 /* NotificationList */ = {
			isa = PBXGroup;
			children = (
				E1D15BC52BF13F9B005A9E63 /* Model */,
				E1D15BC12BF12267005A9E63 /* NotificationListView.swift */,
				E1D15BC32BF12D80005A9E63 /* NotificationListCell.swift */,
			);
			path = NotificationList;
			sourceTree = "<group>";
		};
		E1D15BC52BF13F9B005A9E63 /* Model */ = {
			isa = PBXGroup;
			children = (
				E1D15BC62BF13FB8005A9E63 /* NotificationListModel.swift */,
			);
			path = Model;
			sourceTree = "<group>";
		};
/* End PBXGroup section */

/* Begin PBXNativeTarget section */
		E1D15B782BEE8B72005A9E63 /* Wallet */ = {
			isa = PBXNativeTarget;
			buildConfigurationList = E1D15B872BEE8B75005A9E63 /* Build configuration list for PBXNativeTarget "Wallet" */;
			buildPhases = (
				E1D15B752BEE8B72005A9E63 /* Sources */,
				E1D15B762BEE8B72005A9E63 /* Frameworks */,
				E1D15B772BEE8B72005A9E63 /* Resources */,
			);
			buildRules = (
			);
			dependencies = (
			);
			name = Wallet;
			productName = Wallet;
			productReference = E1D15B792BEE8B72005A9E63 /* Wallet.app */;
			productType = "com.apple.product-type.application";
		};
/* End PBXNativeTarget section */

/* Begin PBXProject section */
		E1D15B712BEE8B72005A9E63 /* Project object */ = {
			isa = PBXProject;
			attributes = {
				BuildIndependentTargetsInParallel = 1;
				LastSwiftUpdateCheck = 1530;
				LastUpgradeCheck = 1530;
				TargetAttributes = {
					E1D15B782BEE8B72005A9E63 = {
						CreatedOnToolsVersion = 15.3;
					};
				};
			};
			buildConfigurationList = E1D15B742BEE8B72005A9E63 /* Build configuration list for PBXProject "Wallet" */;
			compatibilityVersion = "Xcode 14.0";
			developmentRegion = en;
			hasScannedForEncodings = 0;
			knownRegions = (
				en,
				Base,
			);
			mainGroup = E1D15B702BEE8B72005A9E63;
			productRefGroup = E1D15B7A2BEE8B72005A9E63 /* Products */;
			projectDirPath = "";
			projectRoot = "";
			targets = (
				E1D15B782BEE8B72005A9E63 /* Wallet */,
			);
		};
/* End PBXProject section */

/* Begin PBXResourcesBuildPhase section */
		E1D15B772BEE8B72005A9E63 /* Resources */ = {
			isa = PBXResourcesBuildPhase;
			buildActionMask = 2147483647;
			files = (
				E1D15B842BEE8B75005A9E63 /* Preview Assets.xcassets in Resources */,
				E1D15B812BEE8B75005A9E63 /* Assets.xcassets in Resources */,
			);
			runOnlyForDeploymentPostprocessing = 0;
		};
/* End PBXResourcesBuildPhase section */

/* Begin PBXSourcesBuildPhase section */
		E1D15B752BEE8B72005A9E63 /* Sources */ = {
			isa = PBXSourcesBuildPhase;
			buildActionMask = 2147483647;
			files = (
				E1D15B982BEF1DDB005A9E63 /* NavigationHome.swift in Sources */,
				E1D15BC22BF12267005A9E63 /* NotificationListView.swift in Sources */,
				E1D15BB72BF103BA005A9E63 /* APIService.swift in Sources */,
				E1D15B8D2BEE99CF005A9E63 /* CustomTabbarView.swift in Sources */,
				E1D15B7F2BEE8B72005A9E63 /* HomePage.swift in Sources */,
				E1D15B9A2BEF2428005A9E63 /* MyAccountBalanceView.swift in Sources */,
				E1D15BB92BF104F4005A9E63 /* AccountModel.swift in Sources */,
				E1D15B7D2BEE8B72005A9E63 /* WalletApp.swift in Sources */,
				E1D15BBD2BF10C9D005A9E63 /* BannerModel.swift in Sources */,
				E1D15B962BEEB57C005A9E63 /* Constants.swift in Sources */,
				E1D15BBF2BF11531005A9E63 /* Extension.swift in Sources */,
				E1D15BBB2BF10542005A9E63 /* BaseModel.swift in Sources */,
				E1D15BAA2BEF423A005A9E63 /* AdBanner.swift in Sources */,
				E1D15BC42BF12D80005A9E63 /* NotificationListCell.swift in Sources */,
				E1D15B912BEEA17D005A9E63 /* TabbarItemPreferenceKey.swift in Sources */,
				E1D15B9C2BEF2A15005A9E63 /* UtilityView.swift in Sources */,
				E1D15BA02BEF3C0D005A9E63 /* HomePageViewModel.swift in Sources */,
				E1D15BAE2BEF586C005A9E63 /* PageControlCustom.swift in Sources */,
				E1D15BC72BF13FB8005A9E63 /* NotificationListModel.swift in Sources */,
				E1D15B932BEEA50B005A9E63 /* TabbarItem.swift in Sources */,
				E1D15BB12BEFC9F9005A9E63 /* ShimmerEffectBox.swift in Sources */,
				E1D15BC92BF140BF005A9E63 /* FavoriteModel.swift in Sources */,
				E1D15B9E2BEF3037005A9E63 /* MyFavoriteView.swift in Sources */,
				E110251D2BF31CEA00A3CF90 /* URLHelper.swift in Sources */,
				E1D15B8F2BEE9DD5005A9E63 /* CustomTabbarContainerView.swift in Sources */,
				E1D15BB32BEFD9BE005A9E63 /* LoadingView.swift in Sources */,
			);
			runOnlyForDeploymentPostprocessing = 0;
		};
/* End PBXSourcesBuildPhase section */

/* Begin XCBuildConfiguration section */
		E1D15B852BEE8B75005A9E63 /* Debug */ = {
			isa = XCBuildConfiguration;
			buildSettings = {
				ALWAYS_SEARCH_USER_PATHS = NO;
				ASSETCATALOG_COMPILER_GENERATE_SWIFT_ASSET_SYMBOL_EXTENSIONS = YES;
				CLANG_ANALYZER_NONNULL = YES;
				CLANG_ANALYZER_NUMBER_OBJECT_CONVERSION = YES_AGGRESSIVE;
				CLANG_CXX_LANGUAGE_STANDARD = "gnu++20";
				CLANG_ENABLE_MODULES = YES;
				CLANG_ENABLE_OBJC_ARC = YES;
				CLANG_ENABLE_OBJC_WEAK = YES;
				CLANG_WARN_BLOCK_CAPTURE_AUTORELEASING = YES;
				CLANG_WARN_BOOL_CONVERSION = YES;
				CLANG_WARN_COMMA = YES;
				CLANG_WARN_CONSTANT_CONVERSION = YES;
				CLANG_WARN_DEPRECATED_OBJC_IMPLEMENTATIONS = YES;
				CLANG_WARN_DIRECT_OBJC_ISA_USAGE = YES_ERROR;
				CLANG_WARN_DOCUMENTATION_COMMENTS = YES;
				CLANG_WARN_EMPTY_BODY = YES;
				CLANG_WARN_ENUM_CONVERSION = YES;
				CLANG_WARN_INFINITE_RECURSION = YES;
				CLANG_WARN_INT_CONVERSION = YES;
				CLANG_WARN_NON_LITERAL_NULL_CONVERSION = YES;
				CLANG_WARN_OBJC_IMPLICIT_RETAIN_SELF = YES;
				CLANG_WARN_OBJC_LITERAL_CONVERSION = YES;
				CLANG_WARN_OBJC_ROOT_CLASS = YES_ERROR;
				CLANG_WARN_QUOTED_INCLUDE_IN_FRAMEWORK_HEADER = YES;
				CLANG_WARN_RANGE_LOOP_ANALYSIS = YES;
				CLANG_WARN_STRICT_PROTOTYPES = YES;
				CLANG_WARN_SUSPICIOUS_MOVE = YES;
				CLANG_WARN_UNGUARDED_AVAILABILITY = YES_AGGRESSIVE;
				CLANG_WARN_UNREACHABLE_CODE = YES;
				CLANG_WARN__DUPLICATE_METHOD_MATCH = YES;
				COPY_PHASE_STRIP = NO;
				DEBUG_INFORMATION_FORMAT = dwarf;
				ENABLE_STRICT_OBJC_MSGSEND = YES;
				ENABLE_TESTABILITY = YES;
				ENABLE_USER_SCRIPT_SANDBOXING = YES;
				GCC_C_LANGUAGE_STANDARD = gnu17;
				GCC_DYNAMIC_NO_PIC = NO;
				GCC_NO_COMMON_BLOCKS = YES;
				GCC_OPTIMIZATION_LEVEL = 0;
				GCC_PREPROCESSOR_DEFINITIONS = (
					"DEBUG=1",
					"$(inherited)",
				);
				GCC_WARN_64_TO_32_BIT_CONVERSION = YES;
				GCC_WARN_ABOUT_RETURN_TYPE = YES_ERROR;
				GCC_WARN_UNDECLARED_SELECTOR = YES;
				GCC_WARN_UNINITIALIZED_AUTOS = YES_AGGRESSIVE;
				GCC_WARN_UNUSED_FUNCTION = YES;
				GCC_WARN_UNUSED_VARIABLE = YES;
				IPHONEOS_DEPLOYMENT_TARGET = 17.4;
				LOCALIZATION_PREFERS_STRING_CATALOGS = YES;
				MTL_ENABLE_DEBUG_INFO = INCLUDE_SOURCE;
				MTL_FAST_MATH = YES;
				ONLY_ACTIVE_ARCH = YES;
				SDKROOT = iphoneos;
				SWIFT_ACTIVE_COMPILATION_CONDITIONS = "DEBUG $(inherited)";
				SWIFT_OPTIMIZATION_LEVEL = "-Onone";
			};
			name = Debug;
		};
		E1D15B862BEE8B75005A9E63 /* Release */ = {
			isa = XCBuildConfiguration;
			buildSettings = {
				ALWAYS_SEARCH_USER_PATHS = NO;
				ASSETCATALOG_COMPILER_GENERATE_SWIFT_ASSET_SYMBOL_EXTENSIONS = YES;
				CLANG_ANALYZER_NONNULL = YES;
				CLANG_ANALYZER_NUMBER_OBJECT_CONVERSION = YES_AGGRESSIVE;
				CLANG_CXX_LANGUAGE_STANDARD = "gnu++20";
				CLANG_ENABLE_MODULES = YES;
				CLANG_ENABLE_OBJC_ARC = YES;
				CLANG_ENABLE_OBJC_WEAK = YES;
				CLANG_WARN_BLOCK_CAPTURE_AUTORELEASING = YES;
				CLANG_WARN_BOOL_CONVERSION = YES;
				CLANG_WARN_COMMA = YES;
				CLANG_WARN_CONSTANT_CONVERSION = YES;
				CLANG_WARN_DEPRECATED_OBJC_IMPLEMENTATIONS = YES;
				CLANG_WARN_DIRECT_OBJC_ISA_USAGE = YES_ERROR;
				CLANG_WARN_DOCUMENTATION_COMMENTS = YES;
				CLANG_WARN_EMPTY_BODY = YES;
				CLANG_WARN_ENUM_CONVERSION = YES;
				CLANG_WARN_INFINITE_RECURSION = YES;
				CLANG_WARN_INT_CONVERSION = YES;
				CLANG_WARN_NON_LITERAL_NULL_CONVERSION = YES;
				CLANG_WARN_OBJC_IMPLICIT_RETAIN_SELF = YES;
				CLANG_WARN_OBJC_LITERAL_CONVERSION = YES;
				CLANG_WARN_OBJC_ROOT_CLASS = YES_ERROR;
				CLANG_WARN_QUOTED_INCLUDE_IN_FRAMEWORK_HEADER = YES;
				CLANG_WARN_RANGE_LOOP_ANALYSIS = YES;
				CLANG_WARN_STRICT_PROTOTYPES = YES;
				CLANG_WARN_SUSPICIOUS_MOVE = YES;
				CLANG_WARN_UNGUARDED_AVAILABILITY = YES_AGGRESSIVE;
				CLANG_WARN_UNREACHABLE_CODE = YES;
				CLANG_WARN__DUPLICATE_METHOD_MATCH = YES;
				COPY_PHASE_STRIP = NO;
				DEBUG_INFORMATION_FORMAT = "dwarf-with-dsym";
				ENABLE_NS_ASSERTIONS = NO;
				ENABLE_STRICT_OBJC_MSGSEND = YES;
				ENABLE_USER_SCRIPT_SANDBOXING = YES;
				GCC_C_LANGUAGE_STANDARD = gnu17;
				GCC_NO_COMMON_BLOCKS = YES;
				GCC_WARN_64_TO_32_BIT_CONVERSION = YES;
				GCC_WARN_ABOUT_RETURN_TYPE = YES_ERROR;
				GCC_WARN_UNDECLARED_SELECTOR = YES;
				GCC_WARN_UNINITIALIZED_AUTOS = YES_AGGRESSIVE;
				GCC_WARN_UNUSED_FUNCTION = YES;
				GCC_WARN_UNUSED_VARIABLE = YES;
				IPHONEOS_DEPLOYMENT_TARGET = 17.4;
				LOCALIZATION_PREFERS_STRING_CATALOGS = YES;
				MTL_ENABLE_DEBUG_INFO = NO;
				MTL_FAST_MATH = YES;
				SDKROOT = iphoneos;
				SWIFT_COMPILATION_MODE = wholemodule;
				VALIDATE_PRODUCT = YES;
			};
			name = Release;
		};
		E1D15B882BEE8B75005A9E63 /* Debug */ = {
			isa = XCBuildConfiguration;
			buildSettings = {
				ASSETCATALOG_COMPILER_APPICON_NAME = AppIcon;
				ASSETCATALOG_COMPILER_GLOBAL_ACCENT_COLOR_NAME = AccentColor;
				CODE_SIGN_STYLE = Automatic;
				CURRENT_PROJECT_VERSION = 1;
				DEVELOPMENT_ASSET_PATHS = "\"Wallet/Preview Content\"";
				ENABLE_PREVIEWS = YES;
				GENERATE_INFOPLIST_FILE = YES;
				INFOPLIST_KEY_UIApplicationSceneManifest_Generation = YES;
				INFOPLIST_KEY_UIApplicationSupportsIndirectInputEvents = YES;
				INFOPLIST_KEY_UILaunchScreen_Generation = YES;
				INFOPLIST_KEY_UISupportedInterfaceOrientations = UIInterfaceOrientationPortrait;
				IPHONEOS_DEPLOYMENT_TARGET = 16.0;
				LD_RUNPATH_SEARCH_PATHS = (
					"$(inherited)",
					"@executable_path/Frameworks",
				);
				MARKETING_VERSION = 1.0;
				PRODUCT_BUNDLE_IDENTIFIER = com.landmarks.Wallet;
				PRODUCT_NAME = "$(TARGET_NAME)";
				SWIFT_EMIT_LOC_STRINGS = YES;
				SWIFT_VERSION = 5.0;
				TARGETED_DEVICE_FAMILY = "1,2";
			};
			name = Debug;
		};
		E1D15B892BEE8B75005A9E63 /* Release */ = {
			isa = XCBuildConfiguration;
			buildSettings = {
				ASSETCATALOG_COMPILER_APPICON_NAME = AppIcon;
				ASSETCATALOG_COMPILER_GLOBAL_ACCENT_COLOR_NAME = AccentColor;
				CODE_SIGN_STYLE = Automatic;
				CURRENT_PROJECT_VERSION = 1;
				DEVELOPMENT_ASSET_PATHS = "\"Wallet/Preview Content\"";
				ENABLE_PREVIEWS = YES;
				GENERATE_INFOPLIST_FILE = YES;
				INFOPLIST_KEY_UIApplicationSceneManifest_Generation = YES;
				INFOPLIST_KEY_UIApplicationSupportsIndirectInputEvents = YES;
				INFOPLIST_KEY_UILaunchScreen_Generation = YES;
				INFOPLIST_KEY_UISupportedInterfaceOrientations = UIInterfaceOrientationPortrait;
				IPHONEOS_DEPLOYMENT_TARGET = 16.0;
				LD_RUNPATH_SEARCH_PATHS = (
					"$(inherited)",
					"@executable_path/Frameworks",
				);
				MARKETING_VERSION = 1.0;
				PRODUCT_BUNDLE_IDENTIFIER = com.landmarks.Wallet;
				PRODUCT_NAME = "$(TARGET_NAME)";
				SWIFT_EMIT_LOC_STRINGS = YES;
				SWIFT_VERSION = 5.0;
				TARGETED_DEVICE_FAMILY = "1,2";
			};
			name = Release;
		};
/* End XCBuildConfiguration section */

/* Begin XCConfigurationList section */
		E1D15B742BEE8B72005A9E63 /* Build configuration list for PBXProject "Wallet" */ = {
			isa = XCConfigurationList;
			buildConfigurations = (
				E1D15B852BEE8B75005A9E63 /* Debug */,
				E1D15B862BEE8B75005A9E63 /* Release */,
			);
			defaultConfigurationIsVisible = 0;
			defaultConfigurationName = Release;
		};
		E1D15B872BEE8B75005A9E63 /* Build configuration list for PBXNativeTarget "Wallet" */ = {
			isa = XCConfigurationList;
			buildConfigurations = (
				E1D15B882BEE8B75005A9E63 /* Debug */,
				E1D15B892BEE8B75005A9E63 /* Release */,
			);
			defaultConfigurationIsVisible = 0;
			defaultConfigurationName = Release;
		};
/* End XCConfigurationList section */
	};
	rootObject = E1D15B712BEE8B72005A9E63 /* Project object */;
}
